
Microsoft Visual Studio Solution File, Format Version 12.00
# Visual Studio 15
VisualStudioVersion = 15.0.26430.13
MinimumVisualStudioVersion = 10.0.40219.1
Project("{FAE04EC0-301F-11D3-BF4B-00C04F79EFBC}") = "BachelorThesis", "BachelorThesis\BachelorThesis.csproj", "{F460AA35-7EB1-4722-A2AB-84A127A8A072}"
EndProject
Project("{9A19103F-16F7-4668-BE54-9A1E7A4F7556}") = "BachelorThesis.Abstractions", "BachelorThesis.Abstractions\BachelorThesis.Abstractions.csproj", "{F361DF3B-08C0-4E44-B29D-96C1D9C02661}"
EndProject
Project("{FAE04EC0-301F-11D3-BF4B-00C04F79EFBC}") = "BachelorThesis.Services", "BachelorThesis.Services\BachelorThesis.Services.csproj", "{F2892A59-57ED-45BA-943F-56D7BFECD454}"
EndProject
Project("{FAE04EC0-301F-11D3-BF4B-00C04F79EFBC}") = "BachelorThesis.Database", "BachelorThesis.Database\BachelorThesis.Database.csproj", "{C6A873A0-6C51-4F28-85BD-46C73D8A0EAB}"
EndProject
Project("{FAE04EC0-301F-11D3-BF4B-00C04F79EFBC}") = "BachelorThesis.DatabaseUpdateTool", "BachelorThesis.DatabaseUpdateTool\BachelorThesis.DatabaseUpdateTool.csproj", "{54CB7EB3-00F5-4628-A83F-84C86BFD8492}"
EndProject
Project("{2150E333-8FDC-42A3-9474-1A3956D46DE8}") = "SqlScripts", "SqlScripts", "{58B49AD1-94F4-4FB6-B739-62E550C75C28}"
	ProjectSection(SolutionItems) = preProject
		SqlScripts\dbo.Feedback.sql = SqlScripts\dbo.Feedback.sql
		SqlScripts\dbo.KnowledgeBase.sql = SqlScripts\dbo.KnowledgeBase.sql
		SqlScripts\dbo.Logging.sql = SqlScripts\dbo.Logging.sql
		SqlScripts\dbo.Users.sql = SqlScripts\dbo.Users.sql
	EndProjectSection
EndProject
Global
	GlobalSection(SolutionConfigurationPlatforms) = preSolution
		Debug|Any CPU = Debug|Any CPU
		Release|Any CPU = Release|Any CPU
	EndGlobalSection
	GlobalSection(ProjectConfigurationPlatforms) = postSolution
		{F460AA35-7EB1-4722-A2AB-84A127A8A072}.Debug|Any CPU.ActiveCfg = Debug|Any CPU
		{F460AA35-7EB1-4722-A2AB-84A127A8A072}.Debug|Any CPU.Build.0 = Debug|Any CPU
		{F460AA35-7EB1-4722-A2AB-84A127A8A072}.Release|Any CPU.ActiveCfg = Release|Any CPU
		{F460AA35-7EB1-4722-A2AB-84A127A8A072}.Release|Any CPU.Build.0 = Release|Any CPU
		{F361DF3B-08C0-4E44-B29D-96C1D9C02661}.Debug|Any CPU.ActiveCfg = Debug|Any CPU
		{F361DF3B-08C0-4E44-B29D-96C1D9C02661}.Debug|Any CPU.Build.0 = Debug|Any CPU
		{F361DF3B-08C0-4E44-B29D-96C1D9C02661}.Release|Any CPU.ActiveCfg = Release|Any CPU
		{F361DF3B-08C0-4E44-B29D-96C1D9C02661}.Release|Any CPU.Build.0 = Release|Any CPU
		{F2892A59-57ED-45BA-943F-56D7BFECD454}.Debug|Any CPU.ActiveCfg = Debug|Any CPU
		{F2892A59-57ED-45BA-943F-56D7BFECD454}.Debug|Any CPU.Build.0 = Debug|Any CPU
		{F2892A59-57ED-45BA-943F-56D7BFECD454}.Release|Any CPU.ActiveCfg = Release|Any CPU
		{F2892A59-57ED-45BA-943F-56D7BFECD454}.Release|Any CPU.Build.0 = Release|Any CPU
		{C6A873A0-6C51-4F28-85BD-46C73D8A0EAB}.Debug|Any CPU.ActiveCfg = Debug|Any CPU
		{C6A873A0-6C51-4F28-85BD-46C73D8A0EAB}.Debug|Any CPU.Build.0 = Debug|Any CPU
		{C6A873A0-6C51-4F28-85BD-46C73D8A0EAB}.Release|Any CPU.ActiveCfg = Release|Any CPU
		{C6A873A0-6C51-4F28-85BD-46C73D8A0EAB}.Release|Any CPU.Build.0 = Release|Any CPU
		{54CB7EB3-00F5-4628-A83F-84C86BFD8492}.Debug|Any CPU.ActiveCfg = Debug|Any CPU
		{54CB7EB3-00F5-4628-A83F-84C86BFD8492}.Debug|Any CPU.Build.0 = Debug|Any CPU
		{54CB7EB3-00F5-4628-A83F-84C86BFD8492}.Release|Any CPU.ActiveCfg = Release|Any CPU
		{54CB7EB3-00F5-4628-A83F-84C86BFD8492}.Release|Any CPU.Build.0 = Release|Any CPU
	EndGlobalSection
	GlobalSection(SolutionProperties) = preSolution
		HideSolutionNode = FALSE
	EndGlobalSection
EndGlobal
